
Microsoft Visual Studio Solution File, Format Version 12.00
# Visual Studio Version 16
VisualStudioVersion = 16.0.33027.164
MinimumVisualStudioVersion = 10.0.40219.1
Project("{FAE04EC0-301F-11D3-BF4B-00C04F79EFBC}") = "EntityFrameworkCRUD", "EntityFrameworkCRUD\EntityFrameworkCRUD.csproj", "{FFE3FFE9-2FC7-4AFD-92AA-73A981669FB4}"
EndProject
Global
	GlobalSection(SolutionConfigurationPlatforms) = preSolution
		Debug|Any CPU = Debug|Any CPU
		Release|Any CPU = Release|Any CPU
	EndGlobalSection
	GlobalSection(ProjectConfigurationPlatforms) = postSolution
		{FFE3FFE9-2FC7-4AFD-92AA-73A981669FB4}.Debug|Any CPU.ActiveCfg = Debug|Any CPU
		{FFE3FFE9-2FC7-4AFD-92AA-73A981669FB4}.Debug|Any CPU.Build.0 = Debug|Any CPU
		{FFE3FFE9-2FC7-4AFD-92AA-73A981669FB4}.Release|Any CPU.ActiveCfg = Release|Any CPU
		{FFE3FFE9-2FC7-4AFD-92AA-73A981669FB4}.Release|Any CPU.Build.0 = Release|Any CPU
	EndGlobalSection
	GlobalSection(SolutionProperties) = preSolution
		HideSolutionNode = FALSE
	EndGlobalSection
	GlobalSection(ExtensibilityGlobals) = postSolution
		SolutionGuid = {D2F4CCEB-F76E-4DA9-B76F-6AE93C1C0ED4}
	EndGlobalSection
EndGlobal
